{
  "name": "kurento-one2many-call",
  "version": "6.9.0",
  "lockfileVersion": 1,
  "requires": true,
  "dependencies": {
    "accepts": {
      "version": "1.2.13",
      "resolved": "https://registry.npmjs.org/accepts/-/accepts-1.2.13.tgz",
      "integrity": "sha1-5fHzkoxtlf2WVYw27D2dDeSm7Oo=",
      "requires": {
        "mime-types": "~2.1.6",
        "negotiator": "0.5.3"
      }
    },
    "array-flatten": {
      "version": "1.1.1",
      "resolved": "https://registry.npmjs.org/array-flatten/-/array-flatten-1.1.1.tgz",
      "integrity": "sha1-ml9pkFGx5wczKPKgCJaLZOopVdI="
    },
    "asap": {
      "version": "2.0.6",
      "resolved": "https://registry.npmjs.org/asap/-/asap-2.0.6.tgz",
      "integrity": "sha1-5QNHYR1+aQlDIIu9r+vLwvuGbUY="
    },
    "async": {
      "version": "2.6.1",
      "resolved": "https://registry.npmjs.org/async/-/async-2.6.1.tgz",
      "integrity": "sha512-fNEiL2+AZt6AlAw/29Cr0UDe4sRAHCpEHh54WMz+Bb7QfNcFw4h3loofyJpLeQs4Yx7yuqu/2dLgM5hKOs6HlQ==",
      "requires": {
        "lodash": "^4.17.10"
      }
    },
    "bindings": {
      "version": "1.2.1",
      "resolved": "https://registry.npmjs.org/bindings/-/bindings-1.2.1.tgz",
      "integrity": "sha1-FK1hE4EtLTfXLme0ystLtyZQXxE="
    },
    "bower": {
      "version": "1.8.8",
      "resolved": "https://registry.npmjs.org/bower/-/bower-1.8.8.tgz",
      "integrity": "sha512-1SrJnXnkP9soITHptSO+ahx3QKp3cVzn8poI6ujqc5SeOkg5iqM1pK9H+DSc2OQ8SnO0jC/NG4Ur/UIwy7574A==",
      "dev": true
    },
    "bufferutil": {
      "version": "1.2.1",
      "resolved": "https://registry.npmjs.org/bufferutil/-/bufferutil-1.2.1.tgz",
      "integrity": "sha1-N75dNuHgZJIiHmjUdLGsWOUQy9c=",
      "requires": {
        "bindings": "1.2.x",
        "nan": "^2.0.5"
      }
    },
    "content-disposition": {
      "version": "0.5.1",
      "resolved": "https://registry.npmjs.org/content-disposition/-/content-disposition-0.5.1.tgz",
      "integrity": "sha1-h0dsamfI2qh+Muh2Ft+IO6f7Bxs="
    },
    "content-type": {
      "version": "1.0.4",
      "resolved": "https://registry.npmjs.org/content-type/-/content-type-1.0.4.tgz",
      "integrity": "sha512-hIP3EEPs8tB9AT1L+NUqtwOAps4mk2Zob89MWXMHjHWg9milF/j4osnnQLXBCBFBk/tvIG/tUc9mOUJiPBhPXA=="
    },
    "cookie": {
      "version": "0.1.5",
      "resolved": "https://registry.npmjs.org/cookie/-/cookie-0.1.5.tgz",
      "integrity": "sha1-armUiksa4hlSzSWIUwpHItQETXw="
    },
    "cookie-signature": {
      "version": "1.0.6",
      "resolved": "https://registry.npmjs.org/cookie-signature/-/cookie-signature-1.0.6.tgz",
      "integrity": "sha1-4wOogrNCzD7oylE6eZmXNNqzriw="
    },
    "debug": {
      "version": "2.2.0",
      "resolved": "https://registry.npmjs.org/debug/-/debug-2.2.0.tgz",
      "integrity": "sha1-+HBX6ZWxofauaklgZkE3vFbwOdo=",
      "requires": {
        "ms": "0.7.1"
      }
    },
    "depd": {
      "version": "1.1.2",
      "resolved": "https://registry.npmjs.org/depd/-/depd-1.1.2.tgz",
      "integrity": "sha1-m81S4UwJd2PnSbJ0xDRu0uVgtak="
    },
    "destroy": {
      "version": "1.0.4",
      "resolved": "https://registry.npmjs.org/destroy/-/destroy-1.0.4.tgz",
      "integrity": "sha1-l4hXRCxEdJ5CBmE+N5RiBYJqvYA="
    },
    "ee-first": {
      "version": "1.1.1",
      "resolved": "https://registry.npmjs.org/ee-first/-/ee-first-1.1.1.tgz",
      "integrity": "sha1-WQxhFWsK4vTwJVcyoViyZrxWsh0="
    },
    "error-tojson": {
      "version": "0.0.1",
      "resolved": "https://registry.npmjs.org/error-tojson/-/error-tojson-0.0.1.tgz",
      "integrity": "sha1-p7GqlP/ADpB4wuuibiBL2Hzyy7k="
    },
    "es6-promise": {
      "version": "4.2.5",
      "resolved": "https://registry.npmjs.org/es6-promise/-/es6-promise-4.2.5.tgz",
      "integrity": "sha512-n6wvpdE43VFtJq+lUDYDBFUwV8TZbuGXLV4D6wKafg13ldznKsyEvatubnmUe31zcvelSzOHF+XbaT+Bl9ObDg=="
    },
    "escape-html": {
      "version": "1.0.3",
      "resolved": "https://registry.npmjs.org/escape-html/-/escape-html-1.0.3.tgz",
      "integrity": "sha1-Aljq5NPQwJdN4cFpGI7wBR0dGYg="
    },
    "etag": {
      "version": "1.7.0",
      "resolved": "https://registry.npmjs.org/etag/-/etag-1.7.0.tgz",
      "integrity": "sha1-A9MLX2fdbmMtKUXTDWZScxo01dg="
    },
    "express": {
      "version": "4.13.4",
      "resolved": "https://registry.npmjs.org/express/-/express-4.13.4.tgz",
      "integrity": "sha1-PAt288d1kMg0VzkGHsC9O6Bn7CQ=",
      "requires": {
        "accepts": "~1.2.12",
        "array-flatten": "1.1.1",
        "content-disposition": "0.5.1",
        "content-type": "~1.0.1",
        "cookie": "0.1.5",
        "cookie-signature": "1.0.6",
        "debug": "~2.2.0",
        "depd": "~1.1.0",
        "escape-html": "~1.0.3",
        "etag": "~1.7.0",
        "finalhandler": "0.4.1",
        "fresh": "0.3.0",
        "merge-descriptors": "1.0.1",
        "methods": "~1.1.2",
        "on-finished": "~2.3.0",
        "parseurl": "~1.3.1",
        "path-to-regexp": "0.1.7",
        "proxy-addr": "~1.0.10",
        "qs": "4.0.0",
        "range-parser": "~1.0.3",
        "send": "0.13.1",
        "serve-static": "~1.10.2",
        "type-is": "~1.6.6",
        "utils-merge": "1.0.0",
        "vary": "~1.0.1"
      }
    },
    "extend": {
      "version": "3.0.2",
      "resolved": "https://registry.npmjs.org/extend/-/extend-3.0.2.tgz",
      "integrity": "sha512-fjquC59cD7CyW6urNXK0FBufkZcoiGG80wTuPujX590cB5Ttln20E2UB4S/WARVqhXffZl2LNgS+gQdPIIim/g=="
    },
    "finalhandler": {
      "version": "0.4.1",
      "resolved": "https://registry.npmjs.org/finalhandler/-/finalhandler-0.4.1.tgz",
      "integrity": "sha1-haF8bFmpRxfSYtYSMNSw6+PUoU0=",
      "requires": {
        "debug": "~2.2.0",
        "escape-html": "~1.0.3",
        "on-finished": "~2.3.0",
        "unpipe": "~1.0.0"
      }
    },
    "forwarded": {
      "version": "0.1.2",
      "resolved": "https://registry.npmjs.org/forwarded/-/forwarded-0.1.2.tgz",
      "integrity": "sha1-mMI9qxF1ZXuMBXPozszZGw/xjIQ="
    },
    "fresh": {
      "version": "0.3.0",
      "resolved": "https://registry.npmjs.org/fresh/-/fresh-0.3.0.tgz",
      "integrity": "sha1-ZR+DjiJCTnVm3hYdg1jKoZn4PU8="
    },
    "http-errors": {
      "version": "1.3.1",
      "resolved": "https://registry.npmjs.org/http-errors/-/http-errors-1.3.1.tgz",
      "integrity": "sha1-GX4izevUGYWF6GlO9nhhl7ke2UI=",
      "requires": {
        "inherits": "~2.0.1",
        "statuses": "1"
      }
    },
    "inherits": {
      "version": "2.0.3",
      "resolved": "https://registry.npmjs.org/inherits/-/inherits-2.0.3.tgz",
      "integrity": "sha1-Yzwsg+PaQqUC9SRmAiSA9CCCYd4="
    },
    "ipaddr.js": {
      "version": "1.0.5",
      "resolved": "https://registry.npmjs.org/ipaddr.js/-/ipaddr.js-1.0.5.tgz",
      "integrity": "sha1-X6eM8wG4JceKvDBC2BJyMEnqI8c="
    },
    "kurento-client": {
      "version": "github:Kurento/kurento-client-js#70c3c286cc5eda78585fa212114d48de77e911bc",
      "from": "github:Kurento/kurento-client-js",
      "requires": {
        "async": "^2.0.1",
        "error-tojson": "0.0.1",
        "es6-promise": "^4.0.5",
        "extend": "^3.0.0",
        "inherits": "^2.0.3",
        "kurento-client-core": "^6.0.0",
        "kurento-client-elements": "^6.0.0",
        "kurento-client-filters": "^6.0.0",
        "kurento-jsonrpc": "^6.0.0",
        "minimist": "^1.2.0",
        "promise": "7.1.1",
        "promisecallback": "0.0.4"
      },
      "dependencies": {
        "reconnect-ws": {
          "version": "github:KurentoForks/reconnect-ws#f287385d75861654528c352e60221f95c9209f8a",
          "from": "github:KurentoForks/reconnect-ws#f287385d75861654528c352e60221f95c9209f8a",
          "requires": {
            "reconnect-core": "github:KurentoForks/reconnect-core#921d43e91578abb2fb2613f585c010c1939cf734",
            "websocket-stream": "~0.5.1"
          }
        }
      }
    },
    "kurento-client-core": {
      "version": "6.9.0",
      "resolved": "https://registry.npmjs.org/kurento-client-core/-/kurento-client-core-6.9.0.tgz",
      "integrity": "sha512-J/uke9jpcUQ0jqbZgsQ7E9sSDbuhGpqZPX2e2G44Fj0lRwGntpvdebBvdLFSFYQnbqnticvv4VGNG6QyNOmh7Q=="
    },
    "kurento-client-elements": {
      "version": "6.6.1",
      "resolved": "https://registry.npmjs.org/kurento-client-elements/-/kurento-client-elements-6.6.1.tgz",
      "integrity": "sha1-lVCoD1Q4pPPMIRryWQA2cMz+XPk="
    },
    "kurento-client-filters": {
      "version": "6.6.1",
      "resolved": "https://registry.npmjs.org/kurento-client-filters/-/kurento-client-filters-6.6.1.tgz",
      "integrity": "sha1-QjN/eAB0TjNExyVAn2km/ZXK558="
    },
    "kurento-jsonrpc": {
      "version": "6.9.0",
      "resolved": "https://registry.npmjs.org/kurento-jsonrpc/-/kurento-jsonrpc-6.9.0.tgz",
      "integrity": "sha512-jn25TMWSXc4DR7mod1hP6s+y1R6EwF8+BIt4L31JeT/Tk7dKzE1k+1K9s6D//L7aMKtVxPBLVKD5ULrlHWlpvg==",
      "requires": {
        "bufferutil": "1.2.x",
        "inherits": "^2.0.1",
        "utf-8-validate": "1.2.x",
        "ws": "^1.1.1"
      },
      "dependencies": {
        "ws": {
          "version": "1.1.5",
          "resolved": "https://registry.npmjs.org/ws/-/ws-1.1.5.tgz",
          "integrity": "sha512-o3KqipXNUdS7wpQzBHSe180lBGO60SoK0yVo3CYJgb2MkobuWuBX6dhkYP5ORCLd55y+SaflMOV5fqAB53ux4w==",
          "requires": {
            "options": ">=0.0.5",
            "ultron": "1.0.x"
          }
        }
      }
    },
    "lodash": {
      "version": "4.17.11",
      "resolved": "https://registry.npmjs.org/lodash/-/lodash-4.17.11.tgz",
      "integrity": "sha512-cQKh8igo5QUhZ7lg38DYWAxMvjSAKG0A8wGSVimP07SIUEK2UO+arSRKbRZWtelMtN5V0Hkwh5ryOto/SshYIg=="
    },
    "media-typer": {
      "version": "0.3.0",
      "resolved": "https://registry.npmjs.org/media-typer/-/media-typer-0.3.0.tgz",
      "integrity": "sha1-hxDXrwqmJvj/+hzgAWhUUmMlV0g="
    },
    "merge-descriptors": {
      "version": "1.0.1",
      "resolved": "https://registry.npmjs.org/merge-descriptors/-/merge-descriptors-1.0.1.tgz",
      "integrity": "sha1-sAqqVW3YtEVoFQ7J0blT8/kMu2E="
    },
    "methods": {
      "version": "1.1.2",
      "resolved": "https://registry.npmjs.org/methods/-/methods-1.1.2.tgz",
      "integrity": "sha1-VSmk1nZUE07cxSZmVoNbD4Ua/O4="
    },
    "mime": {
      "version": "1.3.4",
      "resolved": "https://registry.npmjs.org/mime/-/mime-1.3.4.tgz",
      "integrity": "sha1-EV+eO2s9rylZmDyzjxSaLUDrXVM="
    },
    "mime-db": {
      "version": "1.37.0",
      "resolved": "https://registry.npmjs.org/mime-db/-/mime-db-1.37.0.tgz",
      "integrity": "sha512-R3C4db6bgQhlIhPU48fUtdVmKnflq+hRdad7IyKhtFj06VPNVdk2RhiYL3UjQIlso8L+YxAtFkobT0VK+S/ybg=="
    },
    "mime-types": {
      "version": "2.1.21",
      "resolved": "https://registry.npmjs.org/mime-types/-/mime-types-2.1.21.tgz",
      "integrity": "sha512-3iL6DbwpyLzjR3xHSFNFeb9Nz/M8WDkX33t1GFQnFOllWk8pOrh/LSrB5OXlnlW5P9LH73X6loW/eogc+F5lJg==",
      "requires": {
        "mime-db": "~1.37.0"
      }
    },
    "minimist": {
      "version": "1.2.0",
      "resolved": "https://registry.npmjs.org/minimist/-/minimist-1.2.0.tgz",
      "integrity": "sha1-o1AIsg9BOD7sH7kU9M1d95omQoQ="
    },
    "ms": {
      "version": "0.7.1",
      "resolved": "https://registry.npmjs.org/ms/-/ms-0.7.1.tgz",
      "integrity": "sha1-nNE8A62/8ltl7/3nzoZO6VIBcJg="
    },
    "nan": {
      "version": "2.12.1",
      "resolved": "https://registry.npmjs.org/nan/-/nan-2.12.1.tgz",
      "integrity": "sha512-JY7V6lRkStKcKTvHO5NVSQRv+RV+FIL5pvDoLiAtSL9pKlC5x9PKQcZDsq7m4FO4d57mkhC6Z+QhAh3Jdk5JFw=="
    },
    "negotiator": {
      "version": "0.5.3",
      "resolved": "https://registry.npmjs.org/negotiator/-/negotiator-0.5.3.tgz",
      "integrity": "sha1-Jp1cR2gQ7JLtvntsLygxY4T5p+g="
    },
    "on-finished": {
      "version": "2.3.0",
      "resolved": "https://registry.npmjs.org/on-finished/-/on-finished-2.3.0.tgz",
      "integrity": "sha1-IPEzZIGwg811M3mSoWlxqi2QaUc=",
      "requires": {
        "ee-first": "1.1.1"
      }
    },
    "options": {
      "version": "0.0.6",
      "resolved": "https://registry.npmjs.org/options/-/options-0.0.6.tgz",
      "integrity": "sha1-7CLTEoBrtT5zF3Pnza788cZDEo8="
    },
    "parseurl": {
      "version": "1.3.2",
      "resolved": "https://registry.npmjs.org/parseurl/-/parseurl-1.3.2.tgz",
      "integrity": "sha1-/CidTtiZMRlGDBViUyYs3I3mW/M="
    },
    "path-to-regexp": {
      "version": "0.1.7",
      "resolved": "https://registry.npmjs.org/path-to-regexp/-/path-to-regexp-0.1.7.tgz",
      "integrity": "sha1-32BBeABfUi8V60SQ5yR6G/qmf4w="
    },
    "promise": {
      "version": "7.1.1",
      "resolved": "https://registry.npmjs.org/promise/-/promise-7.1.1.tgz",
      "integrity": "sha1-SJZUxpJha4qlWwck+oCbt9tJxb8=",
      "requires": {
        "asap": "~2.0.3"
      }
    },
    "promisecallback": {
      "version": "0.0.4",
      "resolved": "https://registry.npmjs.org/promisecallback/-/promisecallback-0.0.4.tgz",
      "integrity": "sha1-uTTxPATkQ2IrTWbeTkLqX2zmbnQ="
    },
    "proxy-addr": {
      "version": "1.0.10",
      "resolved": "https://registry.npmjs.org/proxy-addr/-/proxy-addr-1.0.10.tgz",
      "integrity": "sha1-DUCoL4Afw1VWfS7LZe/j8HfxIcU=",
      "requires": {
        "forwarded": "~0.1.0",
        "ipaddr.js": "1.0.5"
      }
    },
    "qs": {
      "version": "4.0.0",
      "resolved": "https://registry.npmjs.org/qs/-/qs-4.0.0.tgz",
      "integrity": "sha1-wx2bdOwn33XlQ6hseHKO2NRiNgc="
    },
    "range-parser": {
      "version": "1.0.3",
      "resolved": "https://registry.npmjs.org/range-parser/-/range-parser-1.0.3.tgz",
      "integrity": "sha1-aHKCNTXGkuLCoBA4Jq/YLC4P8XU="
    },
    "send": {
      "version": "0.13.1",
      "resolved": "https://registry.npmjs.org/send/-/send-0.13.1.tgz",
      "integrity": "sha1-ow1fTILIqbrprQCh2bG9vm8Zntc=",
      "requires": {
        "debug": "~2.2.0",
        "depd": "~1.1.0",
        "destroy": "~1.0.4",
        "escape-html": "~1.0.3",
        "etag": "~1.7.0",
        "fresh": "0.3.0",
        "http-errors": "~1.3.1",
        "mime": "1.3.4",
        "ms": "0.7.1",
        "on-finished": "~2.3.0",
        "range-parser": "~1.0.3",
        "statuses": "~1.2.1"
      }
    },
    "serve-static": {
      "version": "1.10.3",
      "resolved": "https://registry.npmjs.org/serve-static/-/serve-static-1.10.3.tgz",
      "integrity": "sha1-zlpuzTEB/tXsCYJ9rCKpwpv7BTU=",
      "requires": {
        "escape-html": "~1.0.3",
        "parseurl": "~1.3.1",
        "send": "0.13.2"
      },
      "dependencies": {
        "send": {
          "version": "0.13.2",
          "resolved": "https://registry.npmjs.org/send/-/send-0.13.2.tgz",
          "integrity": "sha1-dl52B8gFVFK7pvCwUllTUJhgNt4=",
          "requires": {
            "debug": "~2.2.0",
            "depd": "~1.1.0",
            "destroy": "~1.0.4",
            "escape-html": "~1.0.3",
            "etag": "~1.7.0",
            "fresh": "0.3.0",
            "http-errors": "~1.3.1",
            "mime": "1.3.4",
            "ms": "0.7.1",
            "on-finished": "~2.3.0",
            "range-parser": "~1.0.3",
            "statuses": "~1.2.1"
          }
        }
      }
    },
    "statuses": {
      "version": "1.2.1",
      "resolved": "https://registry.npmjs.org/statuses/-/statuses-1.2.1.tgz",
      "integrity": "sha1-3e1FzBglbVHtQK7BQkidXGECbSg="
    },
    "type-is": {
      "version": "1.6.16",
      "resolved": "https://registry.npmjs.org/type-is/-/type-is-1.6.16.tgz",
      "integrity": "sha512-HRkVv/5qY2G6I8iab9cI7v1bOIdhm94dVjQCPFElW9W+3GeDOSHmy2EBYe4VTApuzolPcmgFTN3ftVJRKR2J9Q==",
      "requires": {
        "media-typer": "0.3.0",
        "mime-types": "~2.1.18"
      }
    },
    "ultron": {
      "version": "1.0.2",
      "resolved": "https://registry.npmjs.org/ultron/-/ultron-1.0.2.tgz",
      "integrity": "sha1-rOEWq1V80Zc4ak6I9GhTeMiy5Po="
    },
    "unpipe": {
      "version": "1.0.0",
      "resolved": "https://registry.npmjs.org/unpipe/-/unpipe-1.0.0.tgz",
      "integrity": "sha1-sr9O6FFKrmFltIF4KdIbLvSZBOw="
    },
    "utf-8-validate": {
      "version": "1.2.1",
      "resolved": "https://registry.npmjs.org/utf-8-validate/-/utf-8-validate-1.2.1.tgz",
      "integrity": "sha1-RMt8burXPWtARI9x90WQQ1e59yw=",
      "requires": {
        "bindings": "1.2.x",
        "nan": "^2.0.5"
      }
    },
    "utils-merge": {
      "version": "1.0.0",
      "resolved": "https://registry.npmjs.org/utils-merge/-/utils-merge-1.0.0.tgz",
      "integrity": "sha1-ApT7kiu5N1FTVBxPcJYjHyh8ivg="
    },
    "vary": {
      "version": "1.0.1",
      "resolved": "https://registry.npmjs.org/vary/-/vary-1.0.1.tgz",
      "integrity": "sha1-meSYFWaihhGN+yuBc1ffeZM3bRA="
    },
    "ws": {
      "version": "1.1.0",
      "resolved": "https://registry.npmjs.org/ws/-/ws-1.1.0.tgz",
      "integrity": "sha1-wdb9FRXTzv8fCuJ1m/X9dwMKrR0=",
      "requires": {
        "options": ">=0.0.5",
        "ultron": "1.0.x"
      }
    }
  }
}
